PODS:
  - AndyExtension (1.0.2)
  - Masonry (1.0.1)

DEPENDENCIES:
  - AndyExtension
  - Masonry

SPEC CHECKSUMS:
  AndyExtension: 6303a8e47649b3d03cd9803ec01c34a41f663585
  Masonry: a1a931a0d08870ed8ae415a2ea5ea68ebcac77df

PODFILE CHECKSUM: 43213017b8e4c49fa2875a2d00fbe18ee1681d60

COCOAPODS: 1.0.1
